
Microsoft Visual Studio Solution File, Format Version 12.00
# Visual Studio Version 16
VisualStudioVersion = 16.0.31702.278
MinimumVisualStudioVersion = 10.0.40219.1
Project("{FAE04EC0-301F-11D3-BF4B-00C04F79EFBC}") = "Tag_01Array", "Tag_01Array\Tag_01Array.csproj", "{F7601961-57EC-4A76-A975-1D1B76785DF8}"
EndProject
Global
	GlobalSection(SolutionConfigurationPlatforms) = preSolution
		Debug|Any CPU = Debug|Any CPU
		Release|Any CPU = Release|Any CPU
	EndGlobalSection
	GlobalSection(ProjectConfigurationPlatforms) = postSolution
		{F7601961-57EC-4A76-A975-1D1B76785DF8}.Debug|Any CPU.ActiveCfg = Debug|Any CPU
		{F7601961-57EC-4A76-A975-1D1B76785DF8}.Debug|Any CPU.Build.0 = Debug|Any CPU
		{F7601961-57EC-4A76-A975-1D1B76785DF8}.Release|Any CPU.ActiveCfg = Release|Any CPU
		{F7601961-57EC-4A76-A975-1D1B76785DF8}.Release|Any CPU.Build.0 = Release|Any CPU
	EndGlobalSection
	GlobalSection(SolutionProperties) = preSolution
		HideSolutionNode = FALSE
	EndGlobalSection
	GlobalSection(ExtensibilityGlobals) = postSolution
		SolutionGuid = {8C29A3FC-C305-490A-822B-FD6EC26729F0}
	EndGlobalSection
EndGlobal
